
Microsoft Visual Studio Solution File, Format Version 12.00
# Visual Studio Version 16
VisualStudioVersion = 16.0.29905.134
MinimumVisualStudioVersion = 10.0.40219.1
Project("{FAE04EC0-301F-11D3-BF4B-00C04F79EFBC}") = "Graphical PL Application", "Graphical PL Application.csproj", "{95F75A02-4D74-4F7E-8515-A46210EC1490}"
EndProject
Global
	GlobalSection(SolutionConfigurationPlatforms) = preSolution
		Debug|Any CPU = Debug|Any CPU
		Release|Any CPU = Release|Any CPU
	EndGlobalSection
	GlobalSection(ProjectConfigurationPlatforms) = postSolution
		{95F75A02-4D74-4F7E-8515-A46210EC1490}.Debug|Any CPU.ActiveCfg = Debug|Any CPU
		{95F75A02-4D74-4F7E-8515-A46210EC1490}.Debug|Any CPU.Build.0 = Debug|Any CPU
		{95F75A02-4D74-4F7E-8515-A46210EC1490}.Release|Any CPU.ActiveCfg = Release|Any CPU
		{95F75A02-4D74-4F7E-8515-A46210EC1490}.Release|Any CPU.Build.0 = Release|Any CPU
	EndGlobalSection
	GlobalSection(SolutionProperties) = preSolution
		HideSolutionNode = FALSE
	EndGlobalSection
	GlobalSection(ExtensibilityGlobals) = postSolution
		SolutionGuid = {9E95EFAC-336F-4FB4-B9BB-BB12A0E51030}
	EndGlobalSection
EndGlobal
